<Solution>
  <Folder Name="/Tests/">
    <Project Path="Tests/Omne-Crud-Demo.Domain.Tests/Omne-Crud-Demo.Domain.Tests.csproj" Id="1d57d8f8-1df4-497b-8446-3004dd083331" />
  </Folder>
  <Project Path="frontend/frontend.esproj">
    <Build />
    <Deploy />
  </Project>
  <Project Path="Omne-Crud-Demo.Abstractions/Omne-Crud-Demo.Abstractions.csproj" />
  <Project Path="Omne-Crud-Demo.AppHost/Omne-Crud-Demo.AppHost.csproj" />
  <Project Path="Omne-Crud-Demo.Domain/Omne-Crud-Demo.Domain.csproj" />
  <Project Path="Omne-Crud-Demo.Server/Omne-Crud-Demo.Server.csproj" />
</Solution>
